{
  "originHash" : "4e9a2a96d4ad9f209d1980addb607e1c9b9d33120c08820456cc76306dff3674",
  "pins" : [
    {
      "identity" : "posthog-ios",
      "kind" : "remoteSourceControl",
      "location" : "https://github.com/PostHog/posthog-ios",
      "state" : {
        "revision" : "cf6155963a6532c7b88e0cfa2b1d07595d6b6db6",
        "version" : "3.58.3"
      }
    },
    {
      "identity" : "superscript-ios-next",
      "kind" : "remoteSourceControl",
      "location" : "https://github.com/superwall/superscript-ios-next",
      "state" : {
        "revision" : "abb2c8c96e958aabe11a84df67860ad7bbef3b68",
        "version" : "1.0.14"
      }
    },
    {
      "identity" : "superwall-ios",
      "kind" : "remoteSourceControl",
      "location" : "https://github.com/superwall/Superwall-iOS",
      "state" : {
        "revision" : "4495a192a42cfb2553bdb0a0942caecaaee686b5",
        "version" : "4.15.2"
      }
    }
  ],
  "version" : 3
}
